// !$*UTF8*$!
{
	archiveVersion = 1;
	classes = {
	};
	objectVersion = 46;
	objects = {

/* Begin PBXBuildFile section */
		834239721E92BB4B009E20B7 /* AppDelegate.swift in Sources */ = {isa = PBXBuildFile; fileRef = 834239711E92BB4B009E20B7 /* AppDelegate.swift */; };
		834239741E92BB4B009E20B7 /* ViewController.swift in Sources */ = {isa = PBXBuildFile; fileRef = 834239731E92BB4B009E20B7 /* ViewController.swift */; };
		834239771E92BB4C009E20B7 /* Main.storyboard in Resources */ = {isa = PBXBuildFile; fileRef = 834239751E92BB4C009E20B7 /* Main.storyboard */; };
		834239791E92BB4C009E20B7 /* Assets.xcassets in Resources */ = {isa = PBXBuildFile; fileRef = 834239781E92BB4C009E20B7 /* Assets.xcassets */; };
		8342397C1E92BB4C009E20B7 /* LaunchScreen.storyboard in Resources */ = {isa = PBXBuildFile; fileRef = 8342397A1E92BB4C009E20B7 /* LaunchScreen.storyboard */; };
		834239871E92BB4E009E20B7 /* TouchTrackerTests.swift in Sources */ = {isa = PBXBuildFile; fileRef = 834239861E92BB4E009E20B7 /* TouchTrackerTests.swift */; };
		834239921E92BB4F009E20B7 /* TouchTrackerUITests.swift in Sources */ = {isa = PBXBuildFile; fileRef = 834239911E92BB4F009E20B7 /* TouchTrackerUITests.swift */; };
/* End PBXBuildFile section */

/* Begin PBXContainerItemProxy section */
		834239831E92BB4D009E20B7 /* PBXContainerItemProxy */ = {
			isa = PBXContainerItemProxy;
			containerPortal = 834239661E92BB4A009E20B7 /* Project object */;
			proxyType = 1;
			remoteGlobalIDString = 8342396D1E92BB4A009E20B7;
			remoteInfo = TouchTracker;
		};
		8342398E1E92BB4E009E20B7 /* PBXContainerItemProxy */ = {
			isa = PBXContainerItemProxy;
			containerPortal = 834239661E92BB4A009E20B7 /* Project object */;
			proxyType = 1;
			remoteGlobalIDString = 8342396D1E92BB4A009E20B7;
			remoteInfo = TouchTracker;
		};
/* End PBXContainerItemProxy section */

/* Begin PBXFileReference section */
		8342396E1E92BB4A009E20B7 /* TouchTracker.app */ = {isa = PBXFileReference; explicitFileType = wrapper.application; includeInIndex = 0; path = TouchTracker.app; sourceTree = BUILT_PRODUCTS_DIR; };
		834239711E92BB4B009E20B7 /* AppDelegate.swift */ = {isa = PBXFileReference; lastKnownFileType = sourcecode.swift; path = AppDelegate.swift; sourceTree = "<group>"; };
		834239731E92BB4B009E20B7 /* ViewController.swift */ = {isa = PBXFileReference; lastKnownFileType = sourcecode.swift; path = ViewController.swift; sourceTree = "<group>"; };
		834239761E92BB4C009E20B7 /* Base */ = {isa = PBXFileReference; lastKnownFileType = file.storyboard; name = Base; path = Base.lproj/Main.storyboard; sourceTree = "<group>"; };
		834239781E92BB4C009E20B7 /* Assets.xcassets */ = {isa = PBXFileReference; lastKnownFileType = folder.assetcatalog; path = Assets.xcassets; sourceTree = "<group>"; };
		8342397B1E92BB4C009E20B7 /* Base */ = {isa = PBXFileReference; lastKnownFileType = file.storyboard; name = Base; path = Base.lproj/LaunchScreen.storyboard; sourceTree = "<group>"; };
		8342397D1E92BB4D009E20B7 /* Info.plist */ = {isa = PBXFileReference; lastKnownFileType = text.plist.xml; path = Info.plist; sourceTree = "<group>"; };
		834239821E92BB4D009E20B7 /* TouchTrackerTests.xctest */ = {isa = PBXFileReference; explicitFileType = wrapper.cfbundle; includeInIndex = 0; path = TouchTrackerTests.xctest; sourceTree = BUILT_PRODUCTS_DIR; };
		834239861E92BB4E009E20B7 /* TouchTrackerTests.swift */ = {isa = PBXFileReference; lastKnownFileType = sourcecode.swift; path = TouchTrackerTests.swift; sourceTree = "<group>"; };
		834239881E92BB4E009E20B7 /* Info.plist */ = {isa = PBXFileReference; lastKnownFileType = text.plist.xml; path = Info.plist; sourceTree = "<group>"; };
		8342398D1E92BB4E009E20B7 /* TouchTrackerUITests.xctest */ = {isa = PBXFileReference; explicitFileType = wrapper.cfbundle; includeInIndex = 0; path = TouchTrackerUITests.xctest; sourceTree = BUILT_PRODUCTS_DIR; };
		834239911E92BB4F009E20B7 /* TouchTrackerUITests.swift */ = {isa = PBXFileReference; lastKnownFileType = sourcecode.swift; path = TouchTrackerUITests.swift; sourceTree = "<group>"; };
		834239931E92BB50009E20B7 /* Info.plist */ = {isa = PBXFileReference; lastKnownFileType = text.plist.xml; path = Info.plist; sourceTree = "<group>"; };
/* End PBXFileReference section */

/* Begin PBXFrameworksBuildPhase section */
		8342396B1E92BB4A009E20B7 /* Frameworks */ = {
			isa = PBXFrameworksBuildPhase;
			buildActionMask = 2147483647;
			files = (
			);
			runOnlyForDeploymentPostprocessing = 0;
		};
		8342397F1E92BB4D009E20B7 /* Frameworks */ = {
			isa = PBXFrameworksBuildPhase;
			buildActionMask = 2147483647;
			files = (
			);
			runOnlyForDeploymentPostprocessing = 0;
		};
		8342398A1E92BB4E009E20B7 /* Frameworks */ = {
			isa = PBXFrameworksBuildPhase;
			buildActionMask = 2147483647;
			files = (
			);
			runOnlyForDeploymentPostprocessing = 0;
		};
/* End PBXFrameworksBuildPhase section */

/* Begin PBXGroup section */
		834239651E92BB4A009E20B7 = {
			isa = PBXGroup;
			children = (
				834239701E92BB4A009E20B7 /* TouchTracker */,
				834239851E92BB4D009E20B7 /* TouchTrackerTests */,
				834239901E92BB4F009E20B7 /* TouchTrackerUITests */,
				8342396F1E92BB4A009E20B7 /* Products */,
			);
			sourceTree = "<group>";
		};
		8342396F1E92BB4A009E20B7 /* Products */ = {
			isa = PBXGroup;
			children = (
				8342396E1E92BB4A009E20B7 /* TouchTracker.app */,
				834239821E92BB4D009E20B7 /* TouchTrackerTests.xctest */,
				8342398D1E92BB4E009E20B7 /* TouchTrackerUITests.xctest */,
			);
			name = Products;
			sourceTree = "<group>";
		};
		834239701E92BB4A009E20B7 /* TouchTracker */ = {
			isa = PBXGroup;
			children = (
				834239711E92BB4B009E20B7 /* AppDelegate.swift */,
				834239731E92BB4B009E20B7 /* ViewController.swift */,
				834239751E92BB4C009E20B7 /* Main.storyboard */,
				834239781E92BB4C009E20B7 /* Assets.xcassets */,
				8342397A1E92BB4C009E20B7 /* LaunchScreen.storyboard */,
				8342397D1E92BB4D009E20B7 /* Info.plist */,
			);
			path = TouchTracker;
			sourceTree = "<group>";
		};
		834239851E92BB4D009E20B7 /* TouchTrackerTests */ = {
			isa = PBXGroup;
			children = (
				834239861E92BB4E009E20B7 /* TouchTrackerTests.swift */,
				834239881E92BB4E009E20B7 /* Info.plist */,
			);
			path = TouchTrackerTests;
			sourceTree = "<group>";
		};
		834239901E92BB4F009E20B7 /* TouchTrackerUITests */ = {
			isa = PBXGroup;
			children = (
				834239911E92BB4F009E20B7 /* TouchTrackerUITests.swift */,
				834239931E92BB50009E20B7 /* Info.plist */,
			);
			path = TouchTrackerUITests;
			sourceTree = "<group>";
		};
/* End PBXGroup section */

/* Begin PBXNativeTarget section */
		8342396D1E92BB4A009E20B7 /* TouchTracker */ = {
			isa = PBXNativeTarget;
			buildConfigurationList = 834239961E92BB50009E20B7 /* Build configuration list for PBXNativeTarget "TouchTracker" */;
			buildPhases = (
				8342396A1E92BB4A009E20B7 /* Sources */,
				8342396B1E92BB4A009E20B7 /* Frameworks */,
				8342396C1E92BB4A009E20B7 /* Resources */,
			);
			buildRules = (
			);
			dependencies = (
			);
			name = TouchTracker;
			productName = TouchTracker;
			productReference = 8342396E1E92BB4A009E20B7 /* TouchTracker.app */;
			productType = "com.apple.product-type.application";
		};
		834239811E92BB4D009E20B7 /* TouchTrackerTests */ = {
			isa = PBXNativeTarget;
			buildConfigurationList = 834239991E92BB50009E20B7 /* Build configuration list for PBXNativeTarget "TouchTrackerTests" */;
			buildPhases = (
				8342397E1E92BB4D009E20B7 /* Sources */,
				8342397F1E92BB4D009E20B7 /* Frameworks */,
				834239801E92BB4D009E20B7 /* Resources */,
			);
			buildRules = (
			);
			dependencies = (
				834239841E92BB4D009E20B7 /* PBXTargetDependency */,
			);
			name = TouchTrackerTests;
			productName = TouchTrackerTests;
			productReference = 834239821E92BB4D009E20B7 /* TouchTrackerTests.xctest */;
			productType = "com.apple.product-type.bundle.unit-test";
		};
		8342398C1E92BB4E009E20B7 /* TouchTrackerUITests */ = {
			isa = PBXNativeTarget;
			buildConfigurationList = 8342399C1E92BB50009E20B7 /* Build configuration list for PBXNativeTarget "TouchTrackerUITests" */;
			buildPhases = (
				834239891E92BB4E009E20B7 /* Sources */,
				8342398A1E92BB4E009E20B7 /* Frameworks */,
				8342398B1E92BB4E009E20B7 /* Resources */,
			);
			buildRules = (
			);
			dependencies = (
				8342398F1E92BB4E009E20B7 /* PBXTargetDependency */,
			);
			name = TouchTrackerUITests;
			productName = TouchTrackerUITests;
			productReference = 8342398D1E92BB4E009E20B7 /* TouchTrackerUITests.xctest */;
			productType = "com.apple.product-type.bundle.ui-testing";
		};
/* End PBXNativeTarget section */

/* Begin PBXProject section */
		834239661E92BB4A009E20B7 /* Project object */ = {
			isa = PBXProject;
			attributes = {
				LastSwiftUpdateCheck = 0820;
				LastUpgradeCheck = 0820;
				ORGANIZATIONNAME = CSC2310;
				TargetAttributes = {
					8342396D1E92BB4A009E20B7 = {
						CreatedOnToolsVersion = 8.2.1;
						ProvisioningStyle = Automatic;
					};
					834239811E92BB4D009E20B7 = {
						CreatedOnToolsVersion = 8.2.1;
						ProvisioningStyle = Automatic;
						TestTargetID = 8342396D1E92BB4A009E20B7;
					};
					8342398C1E92BB4E009E20B7 = {
						CreatedOnToolsVersion = 8.2.1;
						ProvisioningStyle = Automatic;
						TestTargetID = 8342396D1E92BB4A009E20B7;
					};
				};
			};
			buildConfigurationList = 834239691E92BB4A009E20B7 /* Build configuration list for PBXProject "TouchTracker" */;
			compatibilityVersion = "Xcode 3.2";
			developmentRegion = English;
			hasScannedForEncodings = 0;
			knownRegions = (
				en,
				Base,
			);
			mainGroup = 834239651E92BB4A009E20B7;
			productRefGroup = 8342396F1E92BB4A009E20B7 /* Products */;
			projectDirPath = "";
			projectRoot = "";
			targets = (
				8342396D1E92BB4A009E20B7 /* TouchTracker */,
				834239811E92BB4D009E20B7 /* TouchTrackerTests */,
				8342398C1E92BB4E009E20B7 /* TouchTrackerUITests */,
			);
		};
/* End PBXProject section */

/* Begin PBXResourcesBuildPhase section */
		8342396C1E92BB4A009E20B7 /* Resources */ = {
			isa = PBXResourcesBuildPhase;
			buildActionMask = 2147483647;
			files = (
				8342397C1E92BB4C009E20B7 /* LaunchScreen.storyboard in Resources */,
				834239791E92BB4C009E20B7 /* Assets.xcassets in Resources */,
				834239771E92BB4C009E20B7 /* Main.storyboard in Resources */,
			);
			runOnlyForDeploymentPostprocessing = 0;
		};
		834239801E92BB4D009E20B7 /* Resources */ = {
			isa = PBXResourcesBuildPhase;
			buildActionMask = 2147483647;
			files = (
			);
			runOnlyForDeploymentPostprocessing = 0;
		};
		8342398B1E92BB4E009E20B7 /* Resources */ = {
			isa = PBXResourcesBuildPhase;
			buildActionMask = 2147483647;
			files = (
			);
			runOnlyForDeploymentPostprocessing = 0;
		};
/* End PBXResourcesBuildPhase section */

/* Begin PBXSourcesBuildPhase section */
		8342396A1E92BB4A009E20B7 /* Sources */ = {
			isa = PBXSourcesBuildPhase;
			buildActionMask = 2147483647;
			files = (
				834239741E92BB4B009E20B7 /* ViewController.swift in Sources */,
				834239721E92BB4B009E20B7 /* AppDelegate.swift in Sources */,
			);
			runOnlyForDeploymentPostprocessing = 0;
		};
		8342397E1E92BB4D009E20B7 /* Sources */ = {
			isa = PBXSourcesBuildPhase;
			buildActionMask = 2147483647;
			files = (
				834239871E92BB4E009E20B7 /* TouchTrackerTests.swift in Sources */,
			);
			runOnlyForDeploymentPostprocessing = 0;
		};
		834239891E92BB4E009E20B7 /* Sources */ = {
			isa = PBXSourcesBuildPhase;
			buildActionMask = 2147483647;
			files = (
				834239921E92BB4F009E20B7 /* TouchTrackerUITests.swift in Sources */,
			);
			runOnlyForDeploymentPostprocessing = 0;
		};
/* End PBXSourcesBuildPhase section */

/* Begin PBXTargetDependency section */
		834239841E92BB4D009E20B7 /* PBXTargetDependency */ = {
			isa = PBXTargetDependency;
			target = 8342396D1E92BB4A009E20B7 /* TouchTracker */;
			targetProxy = 834239831E92BB4D009E20B7 /* PBXContainerItemProxy */;
		};
		8342398F1E92BB4E009E20B7 /* PBXTargetDependency */ = {
			isa = PBXTargetDependency;
			target = 8342396D1E92BB4A009E20B7 /* TouchTracker */;
			targetProxy = 8342398E1E92BB4E009E20B7 /* PBXContainerItemProxy */;
		};
/* End PBXTargetDependency section */

/* Begin PBXVariantGroup section */
		834239751E92BB4C009E20B7 /* Main.storyboard */ = {
			isa = PBXVariantGroup;
			children = (
				834239761E92BB4C009E20B7 /* Base */,
			);
			name = Main.storyboard;
			sourceTree = "<group>";
		};
		8342397A1E92BB4C009E20B7 /* LaunchScreen.storyboard */ = {
			isa = PBXVariantGroup;
			children = (
				8342397B1E92BB4C009E20B7 /* Base */,
			);
			name = LaunchScreen.storyboard;
			sourceTree = "<group>";
		};
/* End PBXVariantGroup section */

/* Begin XCBuildConfiguration section */
		834239941E92BB50009E20B7 /* Debug */ = {
			isa = XCBuildConfiguration;
			buildSettings = {
				ALWAYS_SEARCH_USER_PATHS = NO;
				CLANG_ANALYZER_NONNULL = YES;
				CLANG_CXX_LANGUAGE_STANDARD = "gnu++0x";
				CLANG_CXX_LIBRARY = "libc++";
				CLANG_ENABLE_MODULES = YES;
				CLANG_ENABLE_OBJC_ARC = YES;
				CLANG_WARN_BOOL_CONVERSION = YES;
				CLANG_WARN_CONSTANT_CONVERSION = YES;
				CLANG_WARN_DIRECT_OBJC_ISA_USAGE = YES_ERROR;
				CLANG_WARN_DOCUMENTATION_COMMENTS = YES;
				CLANG_WARN_EMPTY_BODY = YES;
				CLANG_WARN_ENUM_CONVERSION = YES;
				CLANG_WARN_INFINITE_RECURSION = YES;
				CLANG_WARN_INT_CONVERSION = YES;
				CLANG_WARN_OBJC_ROOT_CLASS = YES_ERROR;
				CLANG_WARN_SUSPICIOUS_MOVE = YES;
				CLANG_WARN_UNREACHABLE_CODE = YES;
				CLANG_WARN__DUPLICATE_METHOD_MATCH = YES;
				"CODE_SIGN_IDENTITY[sdk=iphoneos*]" = "iPhone Developer";
				COPY_PHASE_STRIP = NO;
				DEBUG_INFORMATION_FORMAT = dwarf;
				ENABLE_STRICT_OBJC_MSGSEND = YES;
				ENABLE_TESTABILITY = YES;
				GCC_C_LANGUAGE_STANDARD = gnu99;
				GCC_DYNAMIC_NO_PIC = NO;
				GCC_NO_COMMON_BLOCKS = YES;
				GCC_OPTIMIZATION_LEVEL = 0;
				GCC_PREPROCESSOR_DEFINITIONS = (
					"DEBUG=1",
					"$(inherited)",
				);
				GCC_WARN_64_TO_32_BIT_CONVERSION = YES;
				GCC_WARN_ABOUT_RETURN_TYPE = YES_ERROR;
				GCC_WARN_UNDECLARED_SELECTOR = YES;
				GCC_WARN_UNINITIALIZED_AUTOS = YES_AGGRESSIVE;
				GCC_WARN_UNUSED_FUNCTION = YES;
				GCC_WARN_UNUSED_VARIABLE = YES;
				IPHONEOS_DEPLOYMENT_TARGET = 10.2;
				MTL_ENABLE_DEBUG_INFO = YES;
				ONLY_ACTIVE_ARCH = YES;
				SDKROOT = iphoneos;
				SWIFT_ACTIVE_COMPILATION_CONDITIONS = DEBUG;
				SWIFT_OPTIMIZATION_LEVEL = "-Onone";
				TARGETED_DEVICE_FAMILY = "1,2";
			};
			name = Debug;
		};
		834239951E92BB50009E20B7 /* Release */ = {
			isa = XCBuildConfiguration;
			buildSettings = {
				ALWAYS_SEARCH_USER_PATHS = NO;
				CLANG_ANALYZER_NONNULL = YES;
				CLANG_CXX_LANGUAGE_STANDARD = "gnu++0x";
				CLANG_CXX_LIBRARY = "libc++";
				CLANG_ENABLE_MODULES = YES;
				CLANG_ENABLE_OBJC_ARC = YES;
				CLANG_WARN_BOOL_CONVERSION = YES;
				CLANG_WARN_CONSTANT_CONVERSION = YES;
				CLANG_WARN_DIRECT_OBJC_ISA_USAGE = YES_ERROR;
				CLANG_WARN_DOCUMENTATION_COMMENTS = YES;
				CLANG_WARN_EMPTY_BODY = YES;
				CLANG_WARN_ENUM_CONVERSION = YES;
				CLANG_WARN_INFINITE_RECURSION = YES;
				CLANG_WARN_INT_CONVERSION = YES;
				CLANG_WARN_OBJC_ROOT_CLASS = YES_ERROR;
				CLANG_WARN_SUSPICIOUS_MOVE = YES;
				CLANG_WARN_UNREACHABLE_CODE = YES;
				CLANG_WARN__DUPLICATE_METHOD_MATCH = YES;
				"CODE_SIGN_IDENTITY[sdk=iphoneos*]" = "iPhone Developer";
				COPY_PHASE_STRIP = NO;
				DEBUG_INFORMATION_FORMAT = "dwarf-with-dsym";
				ENABLE_NS_ASSERTIONS = NO;
				ENABLE_STRICT_OBJC_MSGSEND = YES;
				GCC_C_LANGUAGE_STANDARD = gnu99;
				GCC_NO_COMMON_BLOCKS = YES;
				GCC_WARN_64_TO_32_BIT_CONVERSION = YES;
				GCC_WARN_ABOUT_RETURN_TYPE = YES_ERROR;
				GCC_WARN_UNDECLARED_SELECTOR = YES;
				GCC_WARN_UNINITIALIZED_AUTOS = YES_AGGRESSIVE;
				GCC_WARN_UNUSED_FUNCTION = YES;
				GCC_WARN_UNUSED_VARIABLE = YES;
				IPHONEOS_DEPLOYMENT_TARGET = 10.2;
				MTL_ENABLE_DEBUG_INFO = NO;
				SDKROOT = iphoneos;
				SWIFT_OPTIMIZATION_LEVEL = "-Owholemodule";
				TARGETED_DEVICE_FAMILY = "1,2";
				VALIDATE_PRODUCT = YES;
			};
			name = Release;
		};
		834239971E92BB50009E20B7 /* Debug */ = {
			isa = XCBuildConfiguration;
			buildSettings = {
				ASSETCATALOG_COMPILER_APPICON_NAME = AppIcon;
				INFOPLIST_FILE = TouchTracker/Info.plist;
				LD_RUNPATH_SEARCH_PATHS = "$(inherited) @executable_path/Frameworks";
				PRODUCT_BUNDLE_IDENTIFIER = com.CSC2310.TouchTracker;
				PRODUCT_NAME = "$(TARGET_NAME)";
				SWIFT_VERSION = 3.0;
			};
			name = Debug;
		};
		834239981E92BB50009E20B7 /* Release */ = {
			isa = XCBuildConfiguration;
			buildSettings = {
				ASSETCATALOG_COMPILER_APPICON_NAME = AppIcon;
				INFOPLIST_FILE = TouchTracker/Info.plist;
				LD_RUNPATH_SEARCH_PATHS = "$(inherited) @executable_path/Frameworks";
				PRODUCT_BUNDLE_IDENTIFIER = com.CSC2310.TouchTracker;
				PRODUCT_NAME = "$(TARGET_NAME)";
				SWIFT_VERSION = 3.0;
			};
			name = Release;
		};
		8342399A1E92BB50009E20B7 /* Debug */ = {
			isa = XCBuildConfiguration;
			buildSettings = {
				ALWAYS_EMBED_SWIFT_STANDARD_LIBRARIES = YES;
				BUNDLE_LOADER = "$(TEST_HOST)";
				INFOPLIST_FILE = TouchTrackerTests/Info.plist;
				LD_RUNPATH_SEARCH_PATHS = "$(inherited) @executable_path/Frameworks @loader_path/Frameworks";
				PRODUCT_BUNDLE_IDENTIFIER = com.CSC2310.TouchTrackerTests;
				PRODUCT_NAME = "$(TARGET_NAME)";
				SWIFT_VERSION = 3.0;
				TEST_HOST = "$(BUILT_PRODUCTS_DIR)/TouchTracker.app/TouchTracker";
			};
			name = Debug;
		};
		8342399B1E92BB50009E20B7 /* Release */ = {
			isa = XCBuildConfiguration;
			buildSettings = {
				ALWAYS_EMBED_SWIFT_STANDARD_LIBRARIES = YES;
				BUNDLE_LOADER = "$(TEST_HOST)";
				INFOPLIST_FILE = TouchTrackerTests/Info.plist;
				LD_RUNPATH_SEARCH_PATHS = "$(inherited) @executable_path/Frameworks @loader_path/Frameworks";
				PRODUCT_BUNDLE_IDENTIFIER = com.CSC2310.TouchTrackerTests;
				PRODUCT_NAME = "$(TARGET_NAME)";
				SWIFT_VERSION = 3.0;
				TEST_HOST = "$(BUILT_PRODUCTS_DIR)/TouchTracker.app/TouchTracker";
			};
			name = Release;
		};
		8342399D1E92BB50009E20B7 /* Debug */ = {
			isa = XCBuildConfiguration;
			buildSettings = {
				ALWAYS_EMBED_SWIFT_STANDARD_LIBRARIES = YES;
				INFOPLIST_FILE = TouchTrackerUITests/Info.plist;
				LD_RUNPATH_SEARCH_PATHS = "$(inherited) @executable_path/Frameworks @loader_path/Frameworks";
				PRODUCT_BUNDLE_IDENTIFIER = com.CSC2310.TouchTrackerUITests;
				PRODUCT_NAME = "$(TARGET_NAME)";
				SWIFT_VERSION = 3.0;
				TEST_TARGET_NAME = TouchTracker;
			};
			name = Debug;
		};
		8342399E1E92BB50009E20B7 /* Release */ = {
			isa = XCBuildConfiguration;
			buildSettings = {
				ALWAYS_EMBED_SWIFT_STANDARD_LIBRARIES = YES;
				INFOPLIST_FILE = TouchTrackerUITests/Info.plist;
				LD_RUNPATH_SEARCH_PATHS = "$(inherited) @executable_path/Frameworks @loader_path/Frameworks";
				PRODUCT_BUNDLE_IDENTIFIER = com.CSC2310.TouchTrackerUITests;
				PRODUCT_NAME = "$(TARGET_NAME)";
				SWIFT_VERSION = 3.0;
				TEST_TARGET_NAME = TouchTracker;
			};
			name = Release;
		};
/* End XCBuildConfiguration section */

/* Begin XCConfigurationList section */
		834239691E92BB4A009E20B7 /* Build configuration list for PBXProject "TouchTracker" */ = {
			isa = XCConfigurationList;
			buildConfigurations = (
				834239941E92BB50009E20B7 /* Debug */,
				834239951E92BB50009E20B7 /* Release */,
			);
			defaultConfigurationIsVisible = 0;
			defaultConfigurationName = Release;
		};
		834239961E92BB50009E20B7 /* Build configuration list for PBXNativeTarget "TouchTracker" */ = {
			isa = XCConfigurationList;
			buildConfigurations = (
				834239971E92BB50009E20B7 /* Debug */,
				834239981E92BB50009E20B7 /* Release */,
			);
			defaultConfigurationIsVisible = 0;
		};
		834239991E92BB50009E20B7 /* Build configuration list for PBXNativeTarget "TouchTrackerTests" */ = {
			isa = XCConfigurationList;
			buildConfigurations = (
				8342399A1E92BB50009E20B7 /* Debug */,
				8342399B1E92BB50009E20B7 /* Release */,
			);
			defaultConfigurationIsVisible = 0;
		};
		8342399C1E92BB50009E20B7 /* Build configuration list for PBXNativeTarget "TouchTrackerUITests" */ = {
			isa = XCConfigurationList;
			buildConfigurations = (
				8342399D1E92BB50009E20B7 /* Debug */,
				8342399E1E92BB50009E20B7 /* Release */,
			);
			defaultConfigurationIsVisible = 0;
		};
/* End XCConfigurationList section */
	};
	rootObject = 834239661E92BB4A009E20B7 /* Project object */;
}
